// !$*UTF8*$!
{
	archiveVersion = 1;
	classes = {
	};
	objectVersion = 46;
	objects = {

/* Begin PBXBuildFile section */
		474B0EBF17E9FB3E00BE49B5 /* UIKit.framework in Frameworks */ = {isa = PBXBuildFile; fileRef = 474B0EBE17E9FB3E00BE49B5 /* UIKit.framework */; };
		474B0EC117E9FB3E00BE49B5 /* Foundation.framework in Frameworks */ = {isa = PBXBuildFile; fileRef = 474B0EC017E9FB3E00BE49B5 /* Foundation.framework */; };
		474B0EC317E9FB3E00BE49B5 /* CoreGraphics.framework in Frameworks */ = {isa = PBXBuildFile; fileRef = 474B0EC217E9FB3E00BE49B5 /* CoreGraphics.framework */; };
		474B0EC517E9FB3E00BE49B5 /* CoreData.framework in Frameworks */ = {isa = PBXBuildFile; fileRef = 474B0EC417E9FB3E00BE49B5 /* CoreData.framework */; };
		474B0ECB17E9FB3E00BE49B5 /* InfoPlist.strings in Resources */ = {isa = PBXBuildFile; fileRef = 474B0EC917E9FB3E00BE49B5 /* InfoPlist.strings */; };
		474B0ECD17E9FB3E00BE49B5 /* main.m in Sources */ = {isa = PBXBuildFile; fileRef = 474B0ECC17E9FB3E00BE49B5 /* main.m */; };
		474B0ED117E9FB3E00BE49B5 /* AppDelegate.m in Sources */ = {isa = PBXBuildFile; fileRef = 474B0ED017E9FB3E00BE49B5 /* AppDelegate.m */; };
		474B0ED317E9FB3E00BE49B5 /* Default.png in Resources */ = {isa = PBXBuildFile; fileRef = 474B0ED217E9FB3E00BE49B5 /* Default.png */; };
		474B0ED517E9FB3E00BE49B5 /* Default@2x.png in Resources */ = {isa = PBXBuildFile; fileRef = 474B0ED417E9FB3E00BE49B5 /* Default@2x.png */; };
		474B0ED717E9FB3E00BE49B5 /* Default-568h@2x.png in Resources */ = {isa = PBXBuildFile; fileRef = 474B0ED617E9FB3E00BE49B5 /* Default-568h@2x.png */; };
		474B0EDA17E9FB3E00BE49B5 /* MainStoryboard.storyboard in Resources */ = {isa = PBXBuildFile; fileRef = 474B0ED817E9FB3E00BE49B5 /* MainStoryboard.storyboard */; };
		474B0EDD17E9FB3E00BE49B5 /* NSSpain.xcdatamodeld in Sources */ = {isa = PBXBuildFile; fileRef = 474B0EDB17E9FB3E00BE49B5 /* NSSpain.xcdatamodeld */; };
		474B0EE017E9FB3E00BE49B5 /* MainViewController.m in Sources */ = {isa = PBXBuildFile; fileRef = 474B0EDF17E9FB3E00BE49B5 /* MainViewController.m */; };
		474B0EE317E9FB3E00BE49B5 /* FlipsideViewController.m in Sources */ = {isa = PBXBuildFile; fileRef = 474B0EE217E9FB3E00BE49B5 /* FlipsideViewController.m */; };
		474B0EEB17E9FB3E00BE49B5 /* SenTestingKit.framework in Frameworks */ = {isa = PBXBuildFile; fileRef = 474B0EEA17E9FB3E00BE49B5 /* SenTestingKit.framework */; };
		474B0EEC17E9FB3E00BE49B5 /* UIKit.framework in Frameworks */ = {isa = PBXBuildFile; fileRef = 474B0EBE17E9FB3E00BE49B5 /* UIKit.framework */; };
		474B0EED17E9FB3E00BE49B5 /* Foundation.framework in Frameworks */ = {isa = PBXBuildFile; fileRef = 474B0EC017E9FB3E00BE49B5 /* Foundation.framework */; };
		474B0EEE17E9FB3E00BE49B5 /* CoreData.framework in Frameworks */ = {isa = PBXBuildFile; fileRef = 474B0EC417E9FB3E00BE49B5 /* CoreData.framework */; };
		474B0EF617E9FB3E00BE49B5 /* InfoPlist.strings in Resources */ = {isa = PBXBuildFile; fileRef = 474B0EF417E9FB3E00BE49B5 /* InfoPlist.strings */; };
		474B0EF917E9FB3E00BE49B5 /* NSSpainTests.m in Sources */ = {isa = PBXBuildFile; fileRef = 474B0EF817E9FB3E00BE49B5 /* NSSpainTests.m */; };
		51828C98134F440A89DDC0C2 /* libPods-NSSpainTests.a in Frameworks */ = {isa = PBXBuildFile; fileRef = 352DDE58F9CE41A083C6FD00 /* libPods-NSSpainTests.a */; };
		895EC34317EA007A000F127A /* TicketMachine.m in Sources */ = {isa = PBXBuildFile; fileRef = 895EC34217EA007A000F127A /* TicketMachine.m */; };
		895EC34617EA0115000F127A /* Ticket.m in Sources */ = {isa = PBXBuildFile; fileRef = 895EC34517EA0115000F127A /* Ticket.m */; };
		895EC34917EA0470000F127A /* TestHelper.m in Sources */ = {isa = PBXBuildFile; fileRef = 895EC34817EA0470000F127A /* TestHelper.m */; };
/* End PBXBuildFile section */

/* Begin PBXContainerItemProxy section */
		474B0EEF17E9FB3E00BE49B5 /* PBXContainerItemProxy */ = {
			isa = PBXContainerItemProxy;
			containerPortal = 474B0EB317E9FB3E00BE49B5 /* Project object */;
			proxyType = 1;
			remoteGlobalIDString = 474B0EBA17E9FB3E00BE49B5;
			remoteInfo = NSSpain;
		};
/* End PBXContainerItemProxy section */

/* Begin PBXFileReference section */
		352DDE58F9CE41A083C6FD00 /* libPods-NSSpainTests.a */ = {isa = PBXFileReference; explicitFileType = archive.ar; includeInIndex = 0; path = "libPods-NSSpainTests.a"; sourceTree = BUILT_PRODUCTS_DIR; };
		474B0EBB17E9FB3E00BE49B5 /* NSSpain.app */ = {isa = PBXFileReference; explicitFileType = wrapper.application; includeInIndex = 0; path = NSSpain.app; sourceTree = BUILT_PRODUCTS_DIR; };
		474B0EBE17E9FB3E00BE49B5 /* UIKit.framework */ = {isa = PBXFileReference; lastKnownFileType = wrapper.framework; name = UIKit.framework; path = System/Library/Frameworks/UIKit.framework; sourceTree = SDKROOT; };
		474B0EC017E9FB3E00BE49B5 /* Foundation.framework */ = {isa = PBXFileReference; lastKnownFileType = wrapper.framework; name = Foundation.framework; path = System/Library/Frameworks/Foundation.framework; sourceTree = SDKROOT; };
		474B0EC217E9FB3E00BE49B5 /* CoreGraphics.framework */ = {isa = PBXFileReference; lastKnownFileType = wrapper.framework; name = CoreGraphics.framework; path = System/Library/Frameworks/CoreGraphics.framework; sourceTree = SDKROOT; };
		474B0EC417E9FB3E00BE49B5 /* CoreData.framework */ = {isa = PBXFileReference; lastKnownFileType = wrapper.framework; name = CoreData.framework; path = System/Library/Frameworks/CoreData.framework; sourceTree = SDKROOT; };
		474B0EC817E9FB3E00BE49B5 /* NSSpain-Info.plist */ = {isa = PBXFileReference; lastKnownFileType = text.plist.xml; path = "NSSpain-Info.plist"; sourceTree = "<group>"; };
		474B0ECA17E9FB3E00BE49B5 /* en */ = {isa = PBXFileReference; lastKnownFileType = text.plist.strings; name = en; path = en.lproj/InfoPlist.strings; sourceTree = "<group>"; };
		474B0ECC17E9FB3E00BE49B5 /* main.m */ = {isa = PBXFileReference; lastKnownFileType = sourcecode.c.objc; path = main.m; sourceTree = "<group>"; };
		474B0ECE17E9FB3E00BE49B5 /* NSSpain-Prefix.pch */ = {isa = PBXFileReference; lastKnownFileType = sourcecode.c.h; path = "NSSpain-Prefix.pch"; sourceTree = "<group>"; };
		474B0ECF17E9FB3E00BE49B5 /* AppDelegate.h */ = {isa = PBXFileReference; lastKnownFileType = sourcecode.c.h; path = AppDelegate.h; sourceTree = "<group>"; };
		474B0ED017E9FB3E00BE49B5 /* AppDelegate.m */ = {isa = PBXFileReference; lastKnownFileType = sourcecode.c.objc; path = AppDelegate.m; sourceTree = "<group>"; };
		474B0ED217E9FB3E00BE49B5 /* Default.png */ = {isa = PBXFileReference; lastKnownFileType = image.png; path = Default.png; sourceTree = "<group>"; };
		474B0ED417E9FB3E00BE49B5 /* Default@2x.png */ = {isa = PBXFileReference; lastKnownFileType = image.png; path = "Default@2x.png"; sourceTree = "<group>"; };
		474B0ED617E9FB3E00BE49B5 /* Default-568h@2x.png */ = {isa = PBXFileReference; lastKnownFileType = image.png; path = "Default-568h@2x.png"; sourceTree = "<group>"; };
		474B0ED917E9FB3E00BE49B5 /* en */ = {isa = PBXFileReference; lastKnownFileType = file.storyboard; name = en; path = en.lproj/MainStoryboard.storyboard; sourceTree = "<group>"; };
		474B0EDC17E9FB3E00BE49B5 /* NSSpain.xcdatamodel */ = {isa = PBXFileReference; lastKnownFileType = wrapper.xcdatamodel; path = NSSpain.xcdatamodel; sourceTree = "<group>"; };
		474B0EDE17E9FB3E00BE49B5 /* MainViewController.h */ = {isa = PBXFileReference; lastKnownFileType = sourcecode.c.h; path = MainViewController.h; sourceTree = "<group>"; };
		474B0EDF17E9FB3E00BE49B5 /* MainViewController.m */ = {isa = PBXFileReference; lastKnownFileType = sourcecode.c.objc; path = MainViewController.m; sourceTree = "<group>"; };
		474B0EE117E9FB3E00BE49B5 /* FlipsideViewController.h */ = {isa = PBXFileReference; lastKnownFileType = sourcecode.c.h; path = FlipsideViewController.h; sourceTree = "<group>"; };
		474B0EE217E9FB3E00BE49B5 /* FlipsideViewController.m */ = {isa = PBXFileReference; lastKnownFileType = sourcecode.c.objc; path = FlipsideViewController.m; sourceTree = "<group>"; };
		474B0EE917E9FB3E00BE49B5 /* NSSpainTests.octest */ = {isa = PBXFileReference; explicitFileType = wrapper.cfbundle; includeInIndex = 0; path = NSSpainTests.octest; sourceTree = BUILT_PRODUCTS_DIR; };
		474B0EEA17E9FB3E00BE49B5 /* SenTestingKit.framework */ = {isa = PBXFileReference; lastKnownFileType = wrapper.framework; name = SenTestingKit.framework; path = Library/Frameworks/SenTestingKit.framework; sourceTree = DEVELOPER_DIR; };
		474B0EF317E9FB3E00BE49B5 /* NSSpainTests-Info.plist */ = {isa = PBXFileReference; lastKnownFileType = text.plist.xml; path = "NSSpainTests-Info.plist"; sourceTree = "<group>"; };
		474B0EF517E9FB3E00BE49B5 /* en */ = {isa = PBXFileReference; lastKnownFileType = text.plist.strings; name = en; path = en.lproj/InfoPlist.strings; sourceTree = "<group>"; };
		474B0EF717E9FB3E00BE49B5 /* NSSpainTests.h */ = {isa = PBXFileReference; lastKnownFileType = sourcecode.c.h; path = NSSpainTests.h; sourceTree = "<group>"; };
		474B0EF817E9FB3E00BE49B5 /* NSSpainTests.m */ = {isa = PBXFileReference; lastKnownFileType = sourcecode.c.objc; path = NSSpainTests.m; sourceTree = "<group>"; };
		6C13F69D531D4AD28FA906DE /* Pods-NSSpainTests.xcconfig */ = {isa = PBXFileReference; includeInIndex = 1; lastKnownFileType = text.xcconfig; name = "Pods-NSSpainTests.xcconfig"; path = "Pods/Pods-NSSpainTests.xcconfig"; sourceTree = "<group>"; };
		895EC34117EA007A000F127A /* TicketMachine.h */ = {isa = PBXFileReference; fileEncoding = 4; lastKnownFileType = sourcecode.c.h; path = TicketMachine.h; sourceTree = "<group>"; };
		895EC34217EA007A000F127A /* TicketMachine.m */ = {isa = PBXFileReference; fileEncoding = 4; lastKnownFileType = sourcecode.c.objc; path = TicketMachine.m; sourceTree = "<group>"; };
		895EC34417EA0115000F127A /* Ticket.h */ = {isa = PBXFileReference; fileEncoding = 4; lastKnownFileType = sourcecode.c.h; path = Ticket.h; sourceTree = "<group>"; };
		895EC34517EA0115000F127A /* Ticket.m */ = {isa = PBXFileReference; fileEncoding = 4; lastKnownFileType = sourcecode.c.objc; path = Ticket.m; sourceTree = "<group>"; };
		895EC34717EA0470000F127A /* TestHelper.h */ = {isa = PBXFileReference; fileEncoding = 4; lastKnownFileType = sourcecode.c.h; path = TestHelper.h; sourceTree = "<group>"; };
		895EC34817EA0470000F127A /* TestHelper.m */ = {isa = PBXFileReference; fileEncoding = 4; lastKnownFileType = sourcecode.c.objc; path = TestHelper.m; sourceTree = "<group>"; };
/* End PBXFileReference section */

/* Begin PBXFrameworksBuildPhase section */
		474B0EB817E9FB3E00BE49B5 /* Frameworks */ = {
			isa = PBXFrameworksBuildPhase;
			buildActionMask = 2147483647;
			files = (
				474B0EBF17E9FB3E00BE49B5 /* UIKit.framework in Frameworks */,
				474B0EC117E9FB3E00BE49B5 /* Foundation.framework in Frameworks */,
				474B0EC317E9FB3E00BE49B5 /* CoreGraphics.framework in Frameworks */,
				474B0EC517E9FB3E00BE49B5 /* CoreData.framework in Frameworks */,
			);
			runOnlyForDeploymentPostprocessing = 0;
		};
		474B0EE517E9FB3E00BE49B5 /* Frameworks */ = {
			isa = PBXFrameworksBuildPhase;
			buildActionMask = 2147483647;
			files = (
				474B0EEB17E9FB3E00BE49B5 /* SenTestingKit.framework in Frameworks */,
				474B0EEC17E9FB3E00BE49B5 /* UIKit.framework in Frameworks */,
				474B0EED17E9FB3E00BE49B5 /* Foundation.framework in Frameworks */,
				474B0EEE17E9FB3E00BE49B5 /* CoreData.framework in Frameworks */,
				51828C98134F440A89DDC0C2 /* libPods-NSSpainTests.a in Frameworks */,
			);
			runOnlyForDeploymentPostprocessing = 0;
		};
/* End PBXFrameworksBuildPhase section */

/* Begin PBXGroup section */
		474B0EB217E9FB3E00BE49B5 = {
			isa = PBXGroup;
			children = (
				474B0EC617E9FB3E00BE49B5 /* NSSpain */,
				474B0EF117E9FB3E00BE49B5 /* NSSpainTests */,
				474B0EBD17E9FB3E00BE49B5 /* Frameworks */,
				474B0EBC17E9FB3E00BE49B5 /* Products */,
				6C13F69D531D4AD28FA906DE /* Pods-NSSpainTests.xcconfig */,
			);
			sourceTree = "<group>";
		};
		474B0EBC17E9FB3E00BE49B5 /* Products */ = {
			isa = PBXGroup;
			children = (
				474B0EBB17E9FB3E00BE49B5 /* NSSpain.app */,
				474B0EE917E9FB3E00BE49B5 /* NSSpainTests.octest */,
			);
			name = Products;
			sourceTree = "<group>";
		};
		474B0EBD17E9FB3E00BE49B5 /* Frameworks */ = {
			isa = PBXGroup;
			children = (
				474B0EBE17E9FB3E00BE49B5 /* UIKit.framework */,
				474B0EC017E9FB3E00BE49B5 /* Foundation.framework */,
				474B0EC217E9FB3E00BE49B5 /* CoreGraphics.framework */,
				474B0EC417E9FB3E00BE49B5 /* CoreData.framework */,
				474B0EEA17E9FB3E00BE49B5 /* SenTestingKit.framework */,
				352DDE58F9CE41A083C6FD00 /* libPods-NSSpainTests.a */,
			);
			name = Frameworks;
			sourceTree = "<group>";
		};
		474B0EC617E9FB3E00BE49B5 /* NSSpain */ = {
			isa = PBXGroup;
			children = (
				474B0ECF17E9FB3E00BE49B5 /* AppDelegate.h */,
				474B0ED017E9FB3E00BE49B5 /* AppDelegate.m */,
				474B0ED817E9FB3E00BE49B5 /* MainStoryboard.storyboard */,
				474B0EDE17E9FB3E00BE49B5 /* MainViewController.h */,
				474B0EDF17E9FB3E00BE49B5 /* MainViewController.m */,
				474B0EE117E9FB3E00BE49B5 /* FlipsideViewController.h */,
				474B0EE217E9FB3E00BE49B5 /* FlipsideViewController.m */,
				474B0EDB17E9FB3E00BE49B5 /* NSSpain.xcdatamodeld */,
				474B0EC717E9FB3E00BE49B5 /* Supporting Files */,
				895EC34117EA007A000F127A /* TicketMachine.h */,
				895EC34217EA007A000F127A /* TicketMachine.m */,
				895EC34417EA0115000F127A /* Ticket.h */,
				895EC34517EA0115000F127A /* Ticket.m */,
			);
			path = NSSpain;
			sourceTree = "<group>";
		};
		474B0EC717E9FB3E00BE49B5 /* Supporting Files */ = {
			isa = PBXGroup;
			children = (
				474B0EC817E9FB3E00BE49B5 /* NSSpain-Info.plist */,
				474B0EC917E9FB3E00BE49B5 /* InfoPlist.strings */,
				474B0ECC17E9FB3E00BE49B5 /* main.m */,
				474B0ECE17E9FB3E00BE49B5 /* NSSpain-Prefix.pch */,
				474B0ED217E9FB3E00BE49B5 /* Default.png */,
				474B0ED417E9FB3E00BE49B5 /* Default@2x.png */,
				474B0ED617E9FB3E00BE49B5 /* Default-568h@2x.png */,
			);
			name = "Supporting Files";
			sourceTree = "<group>";
		};
		474B0EF117E9FB3E00BE49B5 /* NSSpainTests */ = {
			isa = PBXGroup;
			children = (
				474B0EF717E9FB3E00BE49B5 /* NSSpainTests.h */,
				474B0EF817E9FB3E00BE49B5 /* NSSpainTests.m */,
				474B0EF217E9FB3E00BE49B5 /* Supporting Files */,
				895EC34717EA0470000F127A /* TestHelper.h */,
				895EC34817EA0470000F127A /* TestHelper.m */,
			);
			path = NSSpainTests;
			sourceTree = "<group>";
		};
		474B0EF217E9FB3E00BE49B5 /* Supporting Files */ = {
			isa = PBXGroup;
			children = (
				474B0EF317E9FB3E00BE49B5 /* NSSpainTests-Info.plist */,
				474B0EF417E9FB3E00BE49B5 /* InfoPlist.strings */,
			);
			name = "Supporting Files";
			sourceTree = "<group>";
		};
/* End PBXGroup section */

/* Begin PBXNativeTarget section */
		474B0EBA17E9FB3E00BE49B5 /* NSSpain */ = {
			isa = PBXNativeTarget;
			buildConfigurationList = 474B0EFC17E9FB3E00BE49B5 /* Build configuration list for PBXNativeTarget "NSSpain" */;
			buildPhases = (
				474B0EB717E9FB3E00BE49B5 /* Sources */,
				474B0EB817E9FB3E00BE49B5 /* Frameworks */,
				474B0EB917E9FB3E00BE49B5 /* Resources */,
			);
			buildRules = (
			);
			dependencies = (
			);
			name = NSSpain;
			productName = NSSpain;
			productReference = 474B0EBB17E9FB3E00BE49B5 /* NSSpain.app */;
			productType = "com.apple.product-type.application";
		};
		474B0EE817E9FB3E00BE49B5 /* NSSpainTests */ = {
			isa = PBXNativeTarget;
			buildConfigurationList = 474B0EFF17E9FB3E00BE49B5 /* Build configuration list for PBXNativeTarget "NSSpainTests" */;
			buildPhases = (
				03478B9BAF8E4950A464DAC8 /* Check Pods Manifest.lock */,
				474B0EE417E9FB3E00BE49B5 /* Sources */,
				474B0EE517E9FB3E00BE49B5 /* Frameworks */,
				474B0EE617E9FB3E00BE49B5 /* Resources */,
				474B0EE717E9FB3E00BE49B5 /* ShellScript */,
				EA9C1CCA3D6F4177A30C7FC1 /* Copy Pods Resources */,
			);
			buildRules = (
			);
			dependencies = (
				474B0EF017E9FB3E00BE49B5 /* PBXTargetDependency */,
			);
			name = NSSpainTests;
			productName = NSSpainTests;
			productReference = 474B0EE917E9FB3E00BE49B5 /* NSSpainTests.octest */;
			productType = "com.apple.product-type.bundle";
		};
/* End PBXNativeTarget section */

/* Begin PBXProject section */
		474B0EB317E9FB3E00BE49B5 /* Project object */ = {
			isa = PBXProject;
			attributes = {
				LastUpgradeCheck = 0460;
			};
			buildConfigurationList = 474B0EB617E9FB3E00BE49B5 /* Build configuration list for PBXProject "NSSpain" */;
			compatibilityVersion = "Xcode 3.2";
			developmentRegion = English;
			hasScannedForEncodings = 0;
			knownRegions = (
				en,
			);
			mainGroup = 474B0EB217E9FB3E00BE49B5;
			productRefGroup = 474B0EBC17E9FB3E00BE49B5 /* Products */;
			projectDirPath = "";
			projectRoot = "";
			targets = (
				474B0EBA17E9FB3E00BE49B5 /* NSSpain */,
				474B0EE817E9FB3E00BE49B5 /* NSSpainTests */,
			);
		};
/* End PBXProject section */

/* Begin PBXResourcesBuildPhase section */
		474B0EB917E9FB3E00BE49B5 /* Resources */ = {
			isa = PBXResourcesBuildPhase;
			buildActionMask = 2147483647;
			files = (
				474B0ECB17E9FB3E00BE49B5 /* InfoPlist.strings in Resources */,
				474B0ED317E9FB3E00BE49B5 /* Default.png in Resources */,
				474B0ED517E9FB3E00BE49B5 /* Default@2x.png in Resources */,
				474B0ED717E9FB3E00BE49B5 /* Default-568h@2x.png in Resources */,
				474B0EDA17E9FB3E00BE49B5 /* MainStoryboard.storyboard in Resources */,
			);
			runOnlyForDeploymentPostprocessing = 0;
		};
		474B0EE617E9FB3E00BE49B5 /* Resources */ = {
			isa = PBXResourcesBuildPhase;
			buildActionMask = 2147483647;
			files = (
				474B0EF617E9FB3E00BE49B5 /* InfoPlist.strings in Resources */,
			);
			runOnlyForDeploymentPostprocessing = 0;
		};
/* End PBXResourcesBuildPhase section */

/* Begin PBXShellScriptBuildPhase section */
		03478B9BAF8E4950A464DAC8 /* Check Pods Manifest.lock */ = {
			isa = PBXShellScriptBuildPhase;
			buildActionMask = 2147483647;
			files = (
			);
			inputPaths = (
			);
			name = "Check Pods Manifest.lock";
			outputPaths = (
			);
			runOnlyForDeploymentPostprocessing = 0;
			shellPath = /bin/sh;
			shellScript = "diff \"${PODS_ROOT}/../Podfile.lock\" \"${PODS_ROOT}/Manifest.lock\" > /dev/null\nif [[ $? != 0 ]] ; then\n    cat << EOM\nerror: The sandbox is not in sync with the Podfile.lock. Run 'pod install' or update your CocoaPods installation.\nEOM\n    exit 1\nfi\n";
			showEnvVarsInLog = 0;
		};
		474B0EE717E9FB3E00BE49B5 /* ShellScript */ = {
			isa = PBXShellScriptBuildPhase;
			buildActionMask = 2147483647;
			files = (
			);
			inputPaths = (
			);
			outputPaths = (
			);
			runOnlyForDeploymentPostprocessing = 0;
			shellPath = /bin/sh;
			shellScript = "# Run the unit tests in this test bundle.\n\"${SYSTEM_DEVELOPER_DIR}/Tools/RunUnitTests\"\n";
		};
		EA9C1CCA3D6F4177A30C7FC1 /* Copy Pods Resources */ = {
			isa = PBXShellScriptBuildPhase;
			buildActionMask = 2147483647;
			files = (
			);
			inputPaths = (
			);
			name = "Copy Pods Resources";
			outputPaths = (
			);
			runOnlyForDeploymentPostprocessing = 0;
			shellPath = /bin/sh;
			shellScript = "\"${SRCROOT}/Pods/Pods-NSSpainTests-resources.sh\"\n";
			showEnvVarsInLog = 0;
		};
/* End PBXShellScriptBuildPhase section */

/* Begin PBXSourcesBuildPhase section */
		474B0EB717E9FB3E00BE49B5 /* Sources */ = {
			isa = PBXSourcesBuildPhase;
			buildActionMask = 2147483647;
			files = (
				895EC34617EA0115000F127A /* Ticket.m in Sources */,
				474B0ECD17E9FB3E00BE49B5 /* main.m in Sources */,
				895EC34317EA007A000F127A /* TicketMachine.m in Sources */,
				474B0ED117E9FB3E00BE49B5 /* AppDelegate.m in Sources */,
				474B0EDD17E9FB3E00BE49B5 /* NSSpain.xcdatamodeld in Sources */,
				474B0EE017E9FB3E00BE49B5 /* MainViewController.m in Sources */,
				474B0EE317E9FB3E00BE49B5 /* FlipsideViewController.m in Sources */,
			);
			runOnlyForDeploymentPostprocessing = 0;
		};
		474B0EE417E9FB3E00BE49B5 /* Sources */ = {
			isa = PBXSourcesBuildPhase;
			buildActionMask = 2147483647;
			files = (
				474B0EF917E9FB3E00BE49B5 /* NSSpainTests.m in Sources */,
				895EC34917EA0470000F127A /* TestHelper.m in Sources */,
			);
			runOnlyForDeploymentPostprocessing = 0;
		};
/* End PBXSourcesBuildPhase section */

/* Begin PBXTargetDependency section */
		474B0EF017E9FB3E00BE49B5 /* PBXTargetDependency */ = {
			isa = PBXTargetDependency;
			target = 474B0EBA17E9FB3E00BE49B5 /* NSSpain */;
			targetProxy = 474B0EEF17E9FB3E00BE49B5 /* PBXContainerItemProxy */;
		};
/* End PBXTargetDependency section */

/* Begin PBXVariantGroup section */
		474B0EC917E9FB3E00BE49B5 /* InfoPlist.strings */ = {
			isa = PBXVariantGroup;
			children = (
				474B0ECA17E9FB3E00BE49B5 /* en */,
			);
			name = InfoPlist.strings;
			sourceTree = "<group>";
		};
		474B0ED817E9FB3E00BE49B5 /* MainStoryboard.storyboard */ = {
			isa = PBXVariantGroup;
			children = (
				474B0ED917E9FB3E00BE49B5 /* en */,
			);
			name = MainStoryboard.storyboard;
			sourceTree = "<group>";
		};
		474B0EF417E9FB3E00BE49B5 /* InfoPlist.strings */ = {
			isa = PBXVariantGroup;
			children = (
				474B0EF517E9FB3E00BE49B5 /* en */,
			);
			name = InfoPlist.strings;
			sourceTree = "<group>";
		};
/* End PBXVariantGroup section */

/* Begin XCBuildConfiguration section */
		474B0EFA17E9FB3E00BE49B5 /* Debug */ = {
			isa = XCBuildConfiguration;
			buildSettings = {
				ALWAYS_SEARCH_USER_PATHS = NO;
				CLANG_CXX_LANGUAGE_STANDARD = "gnu++0x";
				CLANG_CXX_LIBRARY = "libc++";
				CLANG_ENABLE_OBJC_ARC = YES;
				CLANG_WARN_CONSTANT_CONVERSION = YES;
				CLANG_WARN_EMPTY_BODY = YES;
				CLANG_WARN_ENUM_CONVERSION = YES;
				CLANG_WARN_INT_CONVERSION = YES;
				CLANG_WARN__DUPLICATE_METHOD_MATCH = YES;
				"CODE_SIGN_IDENTITY[sdk=iphoneos*]" = "iPhone Developer";
				COPY_PHASE_STRIP = NO;
				GCC_C_LANGUAGE_STANDARD = gnu99;
				GCC_DYNAMIC_NO_PIC = NO;
				GCC_OPTIMIZATION_LEVEL = 0;
				GCC_PREPROCESSOR_DEFINITIONS = (
					"DEBUG=1",
					"$(inherited)",
				);
				GCC_SYMBOLS_PRIVATE_EXTERN = NO;
				GCC_WARN_ABOUT_RETURN_TYPE = YES;
				GCC_WARN_UNINITIALIZED_AUTOS = YES;
				GCC_WARN_UNUSED_VARIABLE = YES;
				IPHONEOS_DEPLOYMENT_TARGET = 6.1;
				ONLY_ACTIVE_ARCH = YES;
				SDKROOT = iphoneos;
			};
			name = Debug;
		};
		474B0EFB17E9FB3E00BE49B5 /* Release */ = {
			isa = XCBuildConfiguration;
			buildSettings = {
				ALWAYS_SEARCH_USER_PATHS = NO;
				CLANG_CXX_LANGUAGE_STANDARD = "gnu++0x";
				CLANG_CXX_LIBRARY = "libc++";
				CLANG_ENABLE_OBJC_ARC = YES;
				CLANG_WARN_CONSTANT_CONVERSION = YES;
				CLANG_WARN_EMPTY_BODY = YES;
				CLANG_WARN_ENUM_CONVERSION = YES;
				CLANG_WARN_INT_CONVERSION = YES;
				CLANG_WARN__DUPLICATE_METHOD_MATCH = YES;
				"CODE_SIGN_IDENTITY[sdk=iphoneos*]" = "iPhone Developer";
				COPY_PHASE_STRIP = YES;
				GCC_C_LANGUAGE_STANDARD = gnu99;
				GCC_WARN_ABOUT_RETURN_TYPE = YES;
				GCC_WARN_UNINITIALIZED_AUTOS = YES;
				GCC_WARN_UNUSED_VARIABLE = YES;
				IPHONEOS_DEPLOYMENT_TARGET = 6.1;
				OTHER_CFLAGS = "-DNS_BLOCK_ASSERTIONS=1";
				SDKROOT = iphoneos;
				VALIDATE_PRODUCT = YES;
			};
			name = Release;
		};
		474B0EFD17E9FB3E00BE49B5 /* Debug */ = {
			isa = XCBuildConfiguration;
			buildSettings = {
				GCC_PRECOMPILE_PREFIX_HEADER = YES;
				GCC_PREFIX_HEADER = "NSSpain/NSSpain-Prefix.pch";
				INFOPLIST_FILE = "NSSpain/NSSpain-Info.plist";
				PRODUCT_NAME = "$(TARGET_NAME)";
				WRAPPER_EXTENSION = app;
			};
			name = Debug;
		};
		474B0EFE17E9FB3E00BE49B5 /* Release */ = {
			isa = XCBuildConfiguration;
			buildSettings = {
				GCC_PRECOMPILE_PREFIX_HEADER = YES;
				GCC_PREFIX_HEADER = "NSSpain/NSSpain-Prefix.pch";
				INFOPLIST_FILE = "NSSpain/NSSpain-Info.plist";
				PRODUCT_NAME = "$(TARGET_NAME)";
				WRAPPER_EXTENSION = app;
			};
			name = Release;
		};
		474B0F0017E9FB3E00BE49B5 /* Debug */ = {
			isa = XCBuildConfiguration;
			baseConfigurationReference = 6C13F69D531D4AD28FA906DE /* Pods-NSSpainTests.xcconfig */;
			buildSettings = {
				BUNDLE_LOADER = "$(BUILT_PRODUCTS_DIR)/NSSpain.app/NSSpain";
				FRAMEWORK_SEARCH_PATHS = (
					"\"$(SDKROOT)/Developer/Library/Frameworks\"",
					"\"$(DEVELOPER_LIBRARY_DIR)/Frameworks\"",
				);
				GCC_PRECOMPILE_PREFIX_HEADER = YES;
				GCC_PREFIX_HEADER = "NSSpain/NSSpain-Prefix.pch";
				INFOPLIST_FILE = "NSSpainTests/NSSpainTests-Info.plist";
				PRODUCT_NAME = "$(TARGET_NAME)";
				TEST_HOST = "$(BUNDLE_LOADER)";
				WRAPPER_EXTENSION = octest;
			};
			name = Debug;
		};
		474B0F0117E9FB3E00BE49B5 /* Release */ = {
			isa = XCBuildConfiguration;
			baseConfigurationReference = 6C13F69D531D4AD28FA906DE /* Pods-NSSpainTests.xcconfig */;
			buildSettings = {
				BUNDLE_LOADER = "$(BUILT_PRODUCTS_DIR)/NSSpain.app/NSSpain";
				FRAMEWORK_SEARCH_PATHS = (
					"\"$(SDKROOT)/Developer/Library/Frameworks\"",
					"\"$(DEVELOPER_LIBRARY_DIR)/Frameworks\"",
				);
				GCC_PRECOMPILE_PREFIX_HEADER = YES;
				GCC_PREFIX_HEADER = "NSSpain/NSSpain-Prefix.pch";
				INFOPLIST_FILE = "NSSpainTests/NSSpainTests-Info.plist";
				PRODUCT_NAME = "$(TARGET_NAME)";
				TEST_HOST = "$(BUNDLE_LOADER)";
				WRAPPER_EXTENSION = octest;
			};
			name = Release;
		};
/* End XCBuildConfiguration section */

/* Begin XCConfigurationList section */
		474B0EB617E9FB3E00BE49B5 /* Build configuration list for PBXProject "NSSpain" */ = {
			isa = XCConfigurationList;
			buildConfigurations = (
				474B0EFA17E9FB3E00BE49B5 /* Debug */,
				474B0EFB17E9FB3E00BE49B5 /* Release */,
			);
			defaultConfigurationIsVisible = 0;
			defaultConfigurationName = Release;
		};
		474B0EFC17E9FB3E00BE49B5 /* Build configuration list for PBXNativeTarget "NSSpain" */ = {
			isa = XCConfigurationList;
			buildConfigurations = (
				474B0EFD17E9FB3E00BE49B5 /* Debug */,
				474B0EFE17E9FB3E00BE49B5 /* Release */,
			);
			defaultConfigurationIsVisible = 0;
			defaultConfigurationName = Release;
		};
		474B0EFF17E9FB3E00BE49B5 /* Build configuration list for PBXNativeTarget "NSSpainTests" */ = {
			isa = XCConfigurationList;
			buildConfigurations = (
				474B0F0017E9FB3E00BE49B5 /* Debug */,
				474B0F0117E9FB3E00BE49B5 /* Release */,
			);
			defaultConfigurationIsVisible = 0;
			defaultConfigurationName = Release;
		};
/* End XCConfigurationList section */

/* Begin XCVersionGroup section */
		474B0EDB17E9FB3E00BE49B5 /* NSSpain.xcdatamodeld */ = {
			isa = XCVersionGroup;
			children = (
				474B0EDC17E9FB3E00BE49B5 /* NSSpain.xcdatamodel */,
			);
			currentVersion = 474B0EDC17E9FB3E00BE49B5 /* NSSpain.xcdatamodel */;
			path = NSSpain.xcdatamodeld;
			sourceTree = "<group>";
			versionGroupType = wrapper.xcdatamodel;
		};
/* End XCVersionGroup section */
	};
	rootObject = 474B0EB317E9FB3E00BE49B5 /* Project object */;
}
